
Microsoft Visual Studio Solution File, Format Version 12.00
# Visual Studio Version 16
VisualStudioVersion = 16.0.33130.400
MinimumVisualStudioVersion = 10.0.40219.1
Project("{FAE04EC0-301F-11D3-BF4B-00C04F79EFBC}") = "Mission04_norty144", "Mission04_norty144\Mission04_norty144.csproj", "{FD1E80CD-3F7F-4BDA-88ED-97596FA0677C}"
EndProject
Global
	GlobalSection(SolutionConfigurationPlatforms) = preSolution
		Debug|Any CPU = Debug|Any CPU
		Release|Any CPU = Release|Any CPU
	EndGlobalSection
	GlobalSection(ProjectConfigurationPlatforms) = postSolution
		{FD1E80CD-3F7F-4BDA-88ED-97596FA0677C}.Debug|Any CPU.ActiveCfg = Debug|Any CPU
		{FD1E80CD-3F7F-4BDA-88ED-97596FA0677C}.Debug|Any CPU.Build.0 = Debug|Any CPU
		{FD1E80CD-3F7F-4BDA-88ED-97596FA0677C}.Release|Any CPU.ActiveCfg = Release|Any CPU
		{FD1E80CD-3F7F-4BDA-88ED-97596FA0677C}.Release|Any CPU.Build.0 = Release|Any CPU
	EndGlobalSection
	GlobalSection(SolutionProperties) = preSolution
		HideSolutionNode = FALSE
	EndGlobalSection
	GlobalSection(ExtensibilityGlobals) = postSolution
		SolutionGuid = {54C111F0-4D5B-4EC7-9FFF-3A4CF3DB6323}
	EndGlobalSection
EndGlobal
